
Microsoft Visual Studio Solution File, Format Version 12.00
# Visual Studio 15
Project("{FAE04EC0-301F-11D3-BF4B-00C04F79EFBC}") = "Assembly-CSharp", "Assembly-CSharp.csproj", "{9F863999-BB33-EE14-01BD-6FBB6BBCB77A}"
EndProject
Project("{FAE04EC0-301F-11D3-BF4B-00C04F79EFBC}") = "Assembly-CSharp-Editor", "Assembly-CSharp-Editor.csproj", "{6AF2BF27-93ED-CBE5-A5C7-56C9F4BAEEE7}"
EndProject
Global
	GlobalSection(SolutionConfigurationPlatforms) = preSolution
		Debug|Any CPU = Debug|Any CPU
		Release|Any CPU = Release|Any CPU
	EndGlobalSection
	GlobalSection(ProjectConfigurationPlatforms) = postSolution
		{9F863999-BB33-EE14-01BD-6FBB6BBCB77A}.Debug|Any CPU.ActiveCfg = Debug|Any CPU
		{9F863999-BB33-EE14-01BD-6FBB6BBCB77A}.Debug|Any CPU.Build.0 = Debug|Any CPU
		{9F863999-BB33-EE14-01BD-6FBB6BBCB77A}.Release|Any CPU.ActiveCfg = Release|Any CPU
		{9F863999-BB33-EE14-01BD-6FBB6BBCB77A}.Release|Any CPU.Build.0 = Release|Any CPU
		{6AF2BF27-93ED-CBE5-A5C7-56C9F4BAEEE7}.Debug|Any CPU.ActiveCfg = Debug|Any CPU
		{6AF2BF27-93ED-CBE5-A5C7-56C9F4BAEEE7}.Debug|Any CPU.Build.0 = Debug|Any CPU
		{6AF2BF27-93ED-CBE5-A5C7-56C9F4BAEEE7}.Release|Any CPU.ActiveCfg = Release|Any CPU
		{6AF2BF27-93ED-CBE5-A5C7-56C9F4BAEEE7}.Release|Any CPU.Build.0 = Release|Any CPU
	EndGlobalSection
	GlobalSection(SolutionProperties) = preSolution
		HideSolutionNode = FALSE
	EndGlobalSection
EndGlobal
